
Microsoft Visual Studio Solution File, Format Version 12.00
# Visual Studio Version 16
VisualStudioVersion = 16.0.810.8
MinimumVisualStudioVersion = 10.0.40219.1
Project("{FAE04EC0-301F-11D3-BF4B-00C04F79EFBC}") = "XamarinTesting.Android", "XamarinTesting.Android\XamarinTesting.Android.csproj", "{02B3426D-E4B5-4736-9EF7-2B72397019D7}"
EndProject
Project("{FAE04EC0-301F-11D3-BF4B-00C04F79EFBC}") = "XamarinTesting.iOS", "XamarinTesting.iOS\XamarinTesting.iOS.csproj", "{8F193B5B-E600-4BB3-BD69-B472C5816E7E}"
EndProject
Project("{FAE04EC0-301F-11D3-BF4B-00C04F79EFBC}") = "XamarinTesting", "XamarinTesting\XamarinTesting.csproj", "{7764297A-ED55-428C-A72A-424D04416A18}"
EndProject
Project("{FAE04EC0-301F-11D3-BF4B-00C04F79EFBC}") = "UITests", "UITests\UITests.csproj", "{B28BE16C-DB68-48B6-A8A8-B6CC688901AC}"
EndProject
Project("{2150E333-8FDC-42A3-9474-1A3956D46DE8}") = "Solution Items", "Solution Items", "{3B685A7E-1464-4C74-9835-08B12D68359B}"
EndProject
Global
	GlobalSection(SolutionConfigurationPlatforms) = preSolution
		Debug|Any CPU = Debug|Any CPU
		Release|Any CPU = Release|Any CPU
		Debug|iPhoneSimulator = Debug|iPhoneSimulator
		Release|iPhoneSimulator = Release|iPhoneSimulator
		Debug|iPhone = Debug|iPhone
		Release|iPhone = Release|iPhone
	EndGlobalSection
	GlobalSection(ProjectConfigurationPlatforms) = postSolution
		{02B3426D-E4B5-4736-9EF7-2B72397019D7}.Debug|Any CPU.ActiveCfg = Debug|Any CPU
		{02B3426D-E4B5-4736-9EF7-2B72397019D7}.Debug|Any CPU.Build.0 = Debug|Any CPU
		{02B3426D-E4B5-4736-9EF7-2B72397019D7}.Release|Any CPU.ActiveCfg = Release|Any CPU
		{02B3426D-E4B5-4736-9EF7-2B72397019D7}.Release|Any CPU.Build.0 = Release|Any CPU
		{02B3426D-E4B5-4736-9EF7-2B72397019D7}.Debug|iPhoneSimulator.ActiveCfg = Debug|Any CPU
		{02B3426D-E4B5-4736-9EF7-2B72397019D7}.Debug|iPhoneSimulator.Build.0 = Debug|Any CPU
		{02B3426D-E4B5-4736-9EF7-2B72397019D7}.Release|iPhoneSimulator.ActiveCfg = Release|Any CPU
		{02B3426D-E4B5-4736-9EF7-2B72397019D7}.Release|iPhoneSimulator.Build.0 = Release|Any CPU
		{02B3426D-E4B5-4736-9EF7-2B72397019D7}.Debug|iPhone.ActiveCfg = Debug|Any CPU
		{02B3426D-E4B5-4736-9EF7-2B72397019D7}.Debug|iPhone.Build.0 = Debug|Any CPU
		{02B3426D-E4B5-4736-9EF7-2B72397019D7}.Release|iPhone.ActiveCfg = Release|Any CPU
		{02B3426D-E4B5-4736-9EF7-2B72397019D7}.Release|iPhone.Build.0 = Release|Any CPU
		{8F193B5B-E600-4BB3-BD69-B472C5816E7E}.Debug|Any CPU.ActiveCfg = Debug|iPhoneSimulator
		{8F193B5B-E600-4BB3-BD69-B472C5816E7E}.Debug|Any CPU.Build.0 = Debug|iPhoneSimulator
		{8F193B5B-E600-4BB3-BD69-B472C5816E7E}.Release|Any CPU.ActiveCfg = Release|iPhoneSimulator
		{8F193B5B-E600-4BB3-BD69-B472C5816E7E}.Release|Any CPU.Build.0 = Release|iPhoneSimulator
		{8F193B5B-E600-4BB3-BD69-B472C5816E7E}.Debug|iPhoneSimulator.ActiveCfg = Debug|iPhoneSimulator
		{8F193B5B-E600-4BB3-BD69-B472C5816E7E}.Debug|iPhoneSimulator.Build.0 = Debug|iPhoneSimulator
		{8F193B5B-E600-4BB3-BD69-B472C5816E7E}.Release|iPhoneSimulator.ActiveCfg = Release|iPhoneSimulator
		{8F193B5B-E600-4BB3-BD69-B472C5816E7E}.Release|iPhoneSimulator.Build.0 = Release|iPhoneSimulator
		{8F193B5B-E600-4BB3-BD69-B472C5816E7E}.Debug|iPhone.ActiveCfg = Debug|iPhone
		{8F193B5B-E600-4BB3-BD69-B472C5816E7E}.Debug|iPhone.Build.0 = Debug|iPhone
		{8F193B5B-E600-4BB3-BD69-B472C5816E7E}.Release|iPhone.ActiveCfg = Release|iPhone
		{8F193B5B-E600-4BB3-BD69-B472C5816E7E}.Release|iPhone.Build.0 = Release|iPhone
		{7764297A-ED55-428C-A72A-424D04416A18}.Debug|Any CPU.ActiveCfg = Debug|Any CPU
		{7764297A-ED55-428C-A72A-424D04416A18}.Debug|Any CPU.Build.0 = Debug|Any CPU
		{7764297A-ED55-428C-A72A-424D04416A18}.Release|Any CPU.ActiveCfg = Release|Any CPU
		{7764297A-ED55-428C-A72A-424D04416A18}.Release|Any CPU.Build.0 = Release|Any CPU
		{7764297A-ED55-428C-A72A-424D04416A18}.Debug|iPhoneSimulator.ActiveCfg = Debug|Any CPU
		{7764297A-ED55-428C-A72A-424D04416A18}.Debug|iPhoneSimulator.Build.0 = Debug|Any CPU
		{7764297A-ED55-428C-A72A-424D04416A18}.Release|iPhoneSimulator.ActiveCfg = Release|Any CPU
		{7764297A-ED55-428C-A72A-424D04416A18}.Release|iPhoneSimulator.Build.0 = Release|Any CPU
		{7764297A-ED55-428C-A72A-424D04416A18}.Debug|iPhone.ActiveCfg = Debug|Any CPU
		{7764297A-ED55-428C-A72A-424D04416A18}.Debug|iPhone.Build.0 = Debug|Any CPU
		{7764297A-ED55-428C-A72A-424D04416A18}.Release|iPhone.ActiveCfg = Release|Any CPU
		{7764297A-ED55-428C-A72A-424D04416A18}.Release|iPhone.Build.0 = Release|Any CPU
		{B28BE16C-DB68-48B6-A8A8-B6CC688901AC}.Debug|Any CPU.ActiveCfg = Debug|Any CPU
		{B28BE16C-DB68-48B6-A8A8-B6CC688901AC}.Debug|Any CPU.Build.0 = Debug|Any CPU
		{B28BE16C-DB68-48B6-A8A8-B6CC688901AC}.Release|Any CPU.ActiveCfg = Release|Any CPU
		{B28BE16C-DB68-48B6-A8A8-B6CC688901AC}.Release|Any CPU.Build.0 = Release|Any CPU
		{B28BE16C-DB68-48B6-A8A8-B6CC688901AC}.Debug|iPhoneSimulator.ActiveCfg = Debug|Any CPU
		{B28BE16C-DB68-48B6-A8A8-B6CC688901AC}.Debug|iPhoneSimulator.Build.0 = Debug|Any CPU
		{B28BE16C-DB68-48B6-A8A8-B6CC688901AC}.Release|iPhoneSimulator.ActiveCfg = Release|Any CPU
		{B28BE16C-DB68-48B6-A8A8-B6CC688901AC}.Release|iPhoneSimulator.Build.0 = Release|Any CPU
		{B28BE16C-DB68-48B6-A8A8-B6CC688901AC}.Debug|iPhone.ActiveCfg = Debug|Any CPU
		{B28BE16C-DB68-48B6-A8A8-B6CC688901AC}.Debug|iPhone.Build.0 = Debug|Any CPU
		{B28BE16C-DB68-48B6-A8A8-B6CC688901AC}.Release|iPhone.ActiveCfg = Release|Any CPU
		{B28BE16C-DB68-48B6-A8A8-B6CC688901AC}.Release|iPhone.Build.0 = Release|Any CPU
	EndGlobalSection
	GlobalSection(SolutionProperties) = preSolution
		HideSolutionNode = FALSE
	EndGlobalSection
	GlobalSection(ExtensibilityGlobals) = postSolution
		SolutionGuid = {FD688E8B-4247-482E-9775-7A7BA6CE359E}
	EndGlobalSection
	GlobalSection(MonoDevelopProperties) = preSolution
		Policies = $0
		$0.DotNetNamingPolicy = $1
		$1.DirectoryNamespaceAssociation = PrefixedHierarchical
	EndGlobalSection
EndGlobal
